// !$*UTF8*$!
{
	archiveVersion = 1;
	classes = {
	};
	objectVersion = 46;
	objects = {

/* Begin PBXBuildFile section */
		619F7622298E22A7EFFC8139 /* libPods.a in Frameworks */ = {isa = PBXBuildFile; fileRef = 9457886987FE47F8E4F7F9AB /* libPods.a */; };
		D1247E121A81DA7E00DA98C2 /* Main.xib in Resources */ = {isa = PBXBuildFile; fileRef = D1247E111A81DA7E00DA98C2 /* Main.xib */; };
		D154AA0B1A876B110049C417 /* dvd.png in Resources */ = {isa = PBXBuildFile; fileRef = D154AA0A1A876B110049C417 /* dvd.png */; };
		D154AA0D1A876C180049C417 /* movie.png in Resources */ = {isa = PBXBuildFile; fileRef = D154AA0C1A876C180049C417 /* movie.png */; };
		D167EBB31A847763008862F4 /* MovieDetailsViewController.m in Sources */ = {isa = PBXBuildFile; fileRef = D167EBB11A847763008862F4 /* MovieDetailsViewController.m */; };
		D167EBB41A847763008862F4 /* MovieDetailsViewController.xib in Resources */ = {isa = PBXBuildFile; fileRef = D167EBB21A847763008862F4 /* MovieDetailsViewController.xib */; };
		D17D08D51A81558E00A886D9 /* main.m in Sources */ = {isa = PBXBuildFile; fileRef = D17D08D41A81558E00A886D9 /* main.m */; };
		D17D08D81A81558E00A886D9 /* AppDelegate.m in Sources */ = {isa = PBXBuildFile; fileRef = D17D08D71A81558E00A886D9 /* AppDelegate.m */; };
		D17D08E01A81558E00A886D9 /* Images.xcassets in Resources */ = {isa = PBXBuildFile; fileRef = D17D08DF1A81558E00A886D9 /* Images.xcassets */; };
		D17D08EF1A81558E00A886D9 /* Rotten_TomatoesTests.m in Sources */ = {isa = PBXBuildFile; fileRef = D17D08EE1A81558E00A886D9 /* Rotten_TomatoesTests.m */; };
		D17D09071A815D4D00A886D9 /* MovieCell.m in Sources */ = {isa = PBXBuildFile; fileRef = D17D09051A815D4D00A886D9 /* MovieCell.m */; };
		D17D09081A815D4D00A886D9 /* MovieCell.xib in Resources */ = {isa = PBXBuildFile; fileRef = D17D09061A815D4D00A886D9 /* MovieCell.xib */; };
		D18BE3881A81D59A00AF5C69 /* MoviesViewController.m in Sources */ = {isa = PBXBuildFile; fileRef = D18BE3861A81D59A00AF5C69 /* MoviesViewController.m */; };
		D18BE3891A81D59A00AF5C69 /* MoviesViewController.xib in Resources */ = {isa = PBXBuildFile; fileRef = D18BE3871A81D59A00AF5C69 /* MoviesViewController.xib */; };
/* End PBXBuildFile section */

/* Begin PBXContainerItemProxy section */
		D17D08E91A81558E00A886D9 /* PBXContainerItemProxy */ = {
			isa = PBXContainerItemProxy;
			containerPortal = D17D08C71A81558E00A886D9 /* Project object */;
			proxyType = 1;
			remoteGlobalIDString = D17D08CE1A81558E00A886D9;
			remoteInfo = "Rotten Tomatoes";
		};
/* End PBXContainerItemProxy section */

/* Begin PBXFileReference section */
		9452DBAD6DD6CCA6DDEAEC4F /* Pods.release.xcconfig */ = {isa = PBXFileReference; includeInIndex = 1; lastKnownFileType = text.xcconfig; name = Pods.release.xcconfig; path = "Pods/Target Support Files/Pods/Pods.release.xcconfig"; sourceTree = "<group>"; };
		9457886987FE47F8E4F7F9AB /* libPods.a */ = {isa = PBXFileReference; explicitFileType = archive.ar; includeInIndex = 0; path = libPods.a; sourceTree = BUILT_PRODUCTS_DIR; };
		A71CE3220B0F87E5E6023CA8 /* Pods.debug.xcconfig */ = {isa = PBXFileReference; includeInIndex = 1; lastKnownFileType = text.xcconfig; name = Pods.debug.xcconfig; path = "Pods/Target Support Files/Pods/Pods.debug.xcconfig"; sourceTree = "<group>"; };
		D1247E111A81DA7E00DA98C2 /* Main.xib */ = {isa = PBXFileReference; fileEncoding = 4; lastKnownFileType = file.xib; path = Main.xib; sourceTree = "<group>"; };
		D154AA0A1A876B110049C417 /* dvd.png */ = {isa = PBXFileReference; lastKnownFileType = image.png; path = dvd.png; sourceTree = "<group>"; };
		D154AA0C1A876C180049C417 /* movie.png */ = {isa = PBXFileReference; lastKnownFileType = image.png; path = movie.png; sourceTree = "<group>"; };
		D167EBB01A847763008862F4 /* MovieDetailsViewController.h */ = {isa = PBXFileReference; fileEncoding = 4; lastKnownFileType = sourcecode.c.h; path = MovieDetailsViewController.h; sourceTree = "<group>"; };
		D167EBB11A847763008862F4 /* MovieDetailsViewController.m */ = {isa = PBXFileReference; fileEncoding = 4; lastKnownFileType = sourcecode.c.objc; path = MovieDetailsViewController.m; sourceTree = "<group>"; };
		D167EBB21A847763008862F4 /* MovieDetailsViewController.xib */ = {isa = PBXFileReference; fileEncoding = 4; lastKnownFileType = file.xib; path = MovieDetailsViewController.xib; sourceTree = "<group>"; };
		D17D08CF1A81558E00A886D9 /* Rotten Tomatoes.app */ = {isa = PBXFileReference; explicitFileType = wrapper.application; includeInIndex = 0; path = "Rotten Tomatoes.app"; sourceTree = BUILT_PRODUCTS_DIR; };
		D17D08D31A81558E00A886D9 /* Info.plist */ = {isa = PBXFileReference; lastKnownFileType = text.plist.xml; path = Info.plist; sourceTree = "<group>"; };
		D17D08D41A81558E00A886D9 /* main.m */ = {isa = PBXFileReference; lastKnownFileType = sourcecode.c.objc; path = main.m; sourceTree = "<group>"; };
		D17D08D61A81558E00A886D9 /* AppDelegate.h */ = {isa = PBXFileReference; lastKnownFileType = sourcecode.c.h; path = AppDelegate.h; sourceTree = "<group>"; };
		D17D08D71A81558E00A886D9 /* AppDelegate.m */ = {isa = PBXFileReference; lastKnownFileType = sourcecode.c.objc; path = AppDelegate.m; sourceTree = "<group>"; };
		D17D08DF1A81558E00A886D9 /* Images.xcassets */ = {isa = PBXFileReference; lastKnownFileType = folder.assetcatalog; path = Images.xcassets; sourceTree = "<group>"; };
		D17D08E81A81558E00A886D9 /* Rotten TomatoesTests.xctest */ = {isa = PBXFileReference; explicitFileType = wrapper.cfbundle; includeInIndex = 0; path = "Rotten TomatoesTests.xctest"; sourceTree = BUILT_PRODUCTS_DIR; };
		D17D08ED1A81558E00A886D9 /* Info.plist */ = {isa = PBXFileReference; lastKnownFileType = text.plist.xml; path = Info.plist; sourceTree = "<group>"; };
		D17D08EE1A81558E00A886D9 /* Rotten_TomatoesTests.m */ = {isa = PBXFileReference; lastKnownFileType = sourcecode.c.objc; path = Rotten_TomatoesTests.m; sourceTree = "<group>"; };
		D17D09041A815D4D00A886D9 /* MovieCell.h */ = {isa = PBXFileReference; fileEncoding = 4; lastKnownFileType = sourcecode.c.h; path = MovieCell.h; sourceTree = "<group>"; };
		D17D09051A815D4D00A886D9 /* MovieCell.m */ = {isa = PBXFileReference; fileEncoding = 4; lastKnownFileType = sourcecode.c.objc; path = MovieCell.m; sourceTree = "<group>"; };
		D17D09061A815D4D00A886D9 /* MovieCell.xib */ = {isa = PBXFileReference; fileEncoding = 4; lastKnownFileType = file.xib; path = MovieCell.xib; sourceTree = "<group>"; };
		D18BE3851A81D59A00AF5C69 /* MoviesViewController.h */ = {isa = PBXFileReference; fileEncoding = 4; lastKnownFileType = sourcecode.c.h; path = MoviesViewController.h; sourceTree = "<group>"; };
		D18BE3861A81D59A00AF5C69 /* MoviesViewController.m */ = {isa = PBXFileReference; fileEncoding = 4; lastKnownFileType = sourcecode.c.objc; path = MoviesViewController.m; sourceTree = "<group>"; };
		D18BE3871A81D59A00AF5C69 /* MoviesViewController.xib */ = {isa = PBXFileReference; fileEncoding = 4; lastKnownFileType = file.xib; path = MoviesViewController.xib; sourceTree = "<group>"; };
/* End PBXFileReference section */

/* Begin PBXFrameworksBuildPhase section */
		D17D08CC1A81558E00A886D9 /* Frameworks */ = {
			isa = PBXFrameworksBuildPhase;
			buildActionMask = 2147483647;
			files = (
				619F7622298E22A7EFFC8139 /* libPods.a in Frameworks */,
			);
			runOnlyForDeploymentPostprocessing = 0;
		};
		D17D08E51A81558E00A886D9 /* Frameworks */ = {
			isa = PBXFrameworksBuildPhase;
			buildActionMask = 2147483647;
			files = (
			);
			runOnlyForDeploymentPostprocessing = 0;
		};
/* End PBXFrameworksBuildPhase section */

/* Begin PBXGroup section */
		1B366D1162F912E8B06B39DE /* Frameworks */ = {
			isa = PBXGroup;
			children = (
				9457886987FE47F8E4F7F9AB /* libPods.a */,
			);
			name = Frameworks;
			sourceTree = "<group>";
		};
		5F15EDD068979C07AA5688FB /* Pods */ = {
			isa = PBXGroup;
			children = (
				A71CE3220B0F87E5E6023CA8 /* Pods.debug.xcconfig */,
				9452DBAD6DD6CCA6DDEAEC4F /* Pods.release.xcconfig */,
			);
			name = Pods;
			sourceTree = "<group>";
		};
		D154AA091A876AF80049C417 /* Images */ = {
			isa = PBXGroup;
			children = (
				D154AA0C1A876C180049C417 /* movie.png */,
				D154AA0A1A876B110049C417 /* dvd.png */,
			);
			name = Images;
			sourceTree = "<group>";
		};
		D17D08C61A81558E00A886D9 = {
			isa = PBXGroup;
			children = (
				D17D08D11A81558E00A886D9 /* Rotten Tomatoes */,
				D17D08EB1A81558E00A886D9 /* Rotten TomatoesTests */,
				D17D08D01A81558E00A886D9 /* Products */,
				5F15EDD068979C07AA5688FB /* Pods */,
				1B366D1162F912E8B06B39DE /* Frameworks */,
			);
			sourceTree = "<group>";
		};
		D17D08D01A81558E00A886D9 /* Products */ = {
			isa = PBXGroup;
			children = (
				D17D08CF1A81558E00A886D9 /* Rotten Tomatoes.app */,
				D17D08E81A81558E00A886D9 /* Rotten TomatoesTests.xctest */,
			);
			name = Products;
			sourceTree = "<group>";
		};
		D17D08D11A81558E00A886D9 /* Rotten Tomatoes */ = {
			isa = PBXGroup;
			children = (
				D154AA091A876AF80049C417 /* Images */,
				D17D08FE1A815C9D00A886D9 /* Views */,
				D17D08FD1A815C9500A886D9 /* View Controllers */,
				D17D08D61A81558E00A886D9 /* AppDelegate.h */,
				D17D08D71A81558E00A886D9 /* AppDelegate.m */,
				D17D08DF1A81558E00A886D9 /* Images.xcassets */,
				D17D08D21A81558E00A886D9 /* Supporting Files */,
				D1247E111A81DA7E00DA98C2 /* Main.xib */,
			);
			path = "Rotten Tomatoes";
			sourceTree = "<group>";
		};
		D17D08D21A81558E00A886D9 /* Supporting Files */ = {
			isa = PBXGroup;
			children = (
				D17D08D31A81558E00A886D9 /* Info.plist */,
				D17D08D41A81558E00A886D9 /* main.m */,
			);
			name = "Supporting Files";
			sourceTree = "<group>";
		};
		D17D08EB1A81558E00A886D9 /* Rotten TomatoesTests */ = {
			isa = PBXGroup;
			children = (
				D17D08EE1A81558E00A886D9 /* Rotten_TomatoesTests.m */,
				D17D08EC1A81558E00A886D9 /* Supporting Files */,
			);
			path = "Rotten TomatoesTests";
			sourceTree = "<group>";
		};
		D17D08EC1A81558E00A886D9 /* Supporting Files */ = {
			isa = PBXGroup;
			children = (
				D17D08ED1A81558E00A886D9 /* Info.plist */,
			);
			name = "Supporting Files";
			sourceTree = "<group>";
		};
		D17D08FD1A815C9500A886D9 /* View Controllers */ = {
			isa = PBXGroup;
			children = (
				D18BE3851A81D59A00AF5C69 /* MoviesViewController.h */,
				D18BE3861A81D59A00AF5C69 /* MoviesViewController.m */,
				D18BE3871A81D59A00AF5C69 /* MoviesViewController.xib */,
				D167EBB01A847763008862F4 /* MovieDetailsViewController.h */,
				D167EBB11A847763008862F4 /* MovieDetailsViewController.m */,
				D167EBB21A847763008862F4 /* MovieDetailsViewController.xib */,
			);
			name = "View Controllers";
			sourceTree = "<group>";
		};
		D17D08FE1A815C9D00A886D9 /* Views */ = {
			isa = PBXGroup;
			children = (
				D17D09041A815D4D00A886D9 /* MovieCell.h */,
				D17D09051A815D4D00A886D9 /* MovieCell.m */,
				D17D09061A815D4D00A886D9 /* MovieCell.xib */,
			);
			name = Views;
			sourceTree = "<group>";
		};
/* End PBXGroup section */

/* Begin PBXNativeTarget section */
		D17D08CE1A81558E00A886D9 /* Rotten Tomatoes */ = {
			isa = PBXNativeTarget;
			buildConfigurationList = D17D08F21A81558E00A886D9 /* Build configuration list for PBXNativeTarget "Rotten Tomatoes" */;
			buildPhases = (
				CD94127AE33F021055CD5E3F /* Check Pods Manifest.lock */,
				D17D08CB1A81558E00A886D9 /* Sources */,
				D17D08CC1A81558E00A886D9 /* Frameworks */,
				D17D08CD1A81558E00A886D9 /* Resources */,
				42BBEBAFF6D88721DBA8924A /* Copy Pods Resources */,
			);
			buildRules = (
			);
			dependencies = (
			);
			name = "Rotten Tomatoes";
			productName = "Rotten Tomatoes";
			productReference = D17D08CF1A81558E00A886D9 /* Rotten Tomatoes.app */;
			productType = "com.apple.product-type.application";
		};
		D17D08E71A81558E00A886D9 /* Rotten TomatoesTests */ = {
			isa = PBXNativeTarget;
			buildConfigurationList = D17D08F51A81558E00A886D9 /* Build configuration list for PBXNativeTarget "Rotten TomatoesTests" */;
			buildPhases = (
				D17D08E41A81558E00A886D9 /* Sources */,
				D17D08E51A81558E00A886D9 /* Frameworks */,
				D17D08E61A81558E00A886D9 /* Resources */,
			);
			buildRules = (
			);
			dependencies = (
				D17D08EA1A81558E00A886D9 /* PBXTargetDependency */,
			);
			name = "Rotten TomatoesTests";
			productName = "Rotten TomatoesTests";
			productReference = D17D08E81A81558E00A886D9 /* Rotten TomatoesTests.xctest */;
			productType = "com.apple.product-type.bundle.unit-test";
		};
/* End PBXNativeTarget section */

/* Begin PBXProject section */
		D17D08C71A81558E00A886D9 /* Project object */ = {
			isa = PBXProject;
			attributes = {
				LastUpgradeCheck = 0610;
				ORGANIZATIONNAME = Facebook;
				TargetAttributes = {
					D17D08CE1A81558E00A886D9 = {
						CreatedOnToolsVersion = 6.1.1;
					};
					D17D08E71A81558E00A886D9 = {
						CreatedOnToolsVersion = 6.1.1;
						TestTargetID = D17D08CE1A81558E00A886D9;
					};
				};
			};
			buildConfigurationList = D17D08CA1A81558E00A886D9 /* Build configuration list for PBXProject "Rotten Tomatoes" */;
			compatibilityVersion = "Xcode 3.2";
			developmentRegion = English;
			hasScannedForEncodings = 0;
			knownRegions = (
				en,
				Base,
			);
			mainGroup = D17D08C61A81558E00A886D9;
			productRefGroup = D17D08D01A81558E00A886D9 /* Products */;
			projectDirPath = "";
			projectRoot = "";
			targets = (
				D17D08CE1A81558E00A886D9 /* Rotten Tomatoes */,
				D17D08E71A81558E00A886D9 /* Rotten TomatoesTests */,
			);
		};
/* End PBXProject section */

/* Begin PBXResourcesBuildPhase section */
		D17D08CD1A81558E00A886D9 /* Resources */ = {
			isa = PBXResourcesBuildPhase;
			buildActionMask = 2147483647;
			files = (
				D17D09081A815D4D00A886D9 /* MovieCell.xib in Resources */,
				D17D08E01A81558E00A886D9 /* Images.xcassets in Resources */,
				D154AA0D1A876C180049C417 /* movie.png in Resources */,
				D1247E121A81DA7E00DA98C2 /* Main.xib in Resources */,
				D18BE3891A81D59A00AF5C69 /* MoviesViewController.xib in Resources */,
				D154AA0B1A876B110049C417 /* dvd.png in Resources */,
				D167EBB41A847763008862F4 /* MovieDetailsViewController.xib in Resources */,
			);
			runOnlyForDeploymentPostprocessing = 0;
		};
		D17D08E61A81558E00A886D9 /* Resources */ = {
			isa = PBXResourcesBuildPhase;
			buildActionMask = 2147483647;
			files = (
			);
			runOnlyForDeploymentPostprocessing = 0;
		};
/* End PBXResourcesBuildPhase section */

/* Begin PBXShellScriptBuildPhase section */
		42BBEBAFF6D88721DBA8924A /* Copy Pods Resources */ = {
			isa = PBXShellScriptBuildPhase;
			buildActionMask = 2147483647;
			files = (
			);
			inputPaths = (
			);
			name = "Copy Pods Resources";
			outputPaths = (
			);
			runOnlyForDeploymentPostprocessing = 0;
			shellPath = /bin/sh;
			shellScript = "\"${SRCROOT}/Pods/Target Support Files/Pods/Pods-resources.sh\"\n";
			showEnvVarsInLog = 0;
		};
		CD94127AE33F021055CD5E3F /* Check Pods Manifest.lock */ = {
			isa = PBXShellScriptBuildPhase;
			buildActionMask = 2147483647;
			files = (
			);
			inputPaths = (
			);
			name = "Check Pods Manifest.lock";
			outputPaths = (
			);
			runOnlyForDeploymentPostprocessing = 0;
			shellPath = /bin/sh;
			shellScript = "diff \"${PODS_ROOT}/../Podfile.lock\" \"${PODS_ROOT}/Manifest.lock\" > /dev/null\nif [[ $? != 0 ]] ; then\n    cat << EOM\nerror: The sandbox is not in sync with the Podfile.lock. Run 'pod install' or update your CocoaPods installation.\nEOM\n    exit 1\nfi\n";
			showEnvVarsInLog = 0;
		};
/* End PBXShellScriptBuildPhase section */

/* Begin PBXSourcesBuildPhase section */
		D17D08CB1A81558E00A886D9 /* Sources */ = {
			isa = PBXSourcesBuildPhase;
			buildActionMask = 2147483647;
			files = (
				D167EBB31A847763008862F4 /* MovieDetailsViewController.m in Sources */,
				D17D08D81A81558E00A886D9 /* AppDelegate.m in Sources */,
				D17D09071A815D4D00A886D9 /* MovieCell.m in Sources */,
				D17D08D51A81558E00A886D9 /* main.m in Sources */,
				D18BE3881A81D59A00AF5C69 /* MoviesViewController.m in Sources */,
			);
			runOnlyForDeploymentPostprocessing = 0;
		};
		D17D08E41A81558E00A886D9 /* Sources */ = {
			isa = PBXSourcesBuildPhase;
			buildActionMask = 2147483647;
			files = (
				D17D08EF1A81558E00A886D9 /* Rotten_TomatoesTests.m in Sources */,
			);
			runOnlyForDeploymentPostprocessing = 0;
		};
/* End PBXSourcesBuildPhase section */

/* Begin PBXTargetDependency section */
		D17D08EA1A81558E00A886D9 /* PBXTargetDependency */ = {
			isa = PBXTargetDependency;
			target = D17D08CE1A81558E00A886D9 /* Rotten Tomatoes */;
			targetProxy = D17D08E91A81558E00A886D9 /* PBXContainerItemProxy */;
		};
/* End PBXTargetDependency section */

/* Begin XCBuildConfiguration section */
		D17D08F01A81558E00A886D9 /* Debug */ = {
			isa = XCBuildConfiguration;
			buildSettings = {
				ALWAYS_SEARCH_USER_PATHS = NO;
				CLANG_CXX_LANGUAGE_STANDARD = "gnu++0x";
				CLANG_CXX_LIBRARY = "libc++";
				CLANG_ENABLE_MODULES = YES;
				CLANG_ENABLE_OBJC_ARC = YES;
				CLANG_WARN_BOOL_CONVERSION = YES;
				CLANG_WARN_CONSTANT_CONVERSION = YES;
				CLANG_WARN_DIRECT_OBJC_ISA_USAGE = YES_ERROR;
				CLANG_WARN_EMPTY_BODY = YES;
				CLANG_WARN_ENUM_CONVERSION = YES;
				CLANG_WARN_INT_CONVERSION = YES;
				CLANG_WARN_OBJC_ROOT_CLASS = YES_ERROR;
				CLANG_WARN_UNREACHABLE_CODE = YES;
				CLANG_WARN__DUPLICATE_METHOD_MATCH = YES;
				"CODE_SIGN_IDENTITY[sdk=iphoneos*]" = "iPhone Developer";
				COPY_PHASE_STRIP = NO;
				ENABLE_STRICT_OBJC_MSGSEND = YES;
				GCC_C_LANGUAGE_STANDARD = gnu99;
				GCC_DYNAMIC_NO_PIC = NO;
				GCC_OPTIMIZATION_LEVEL = 0;
				GCC_PREPROCESSOR_DEFINITIONS = (
					"DEBUG=1",
					"$(inherited)",
				);
				GCC_SYMBOLS_PRIVATE_EXTERN = NO;
				GCC_WARN_64_TO_32_BIT_CONVERSION = YES;
				GCC_WARN_ABOUT_RETURN_TYPE = YES_ERROR;
				GCC_WARN_UNDECLARED_SELECTOR = YES;
				GCC_WARN_UNINITIALIZED_AUTOS = YES_AGGRESSIVE;
				GCC_WARN_UNUSED_FUNCTION = YES;
				GCC_WARN_UNUSED_VARIABLE = YES;
				IPHONEOS_DEPLOYMENT_TARGET = 8.1;
				MTL_ENABLE_DEBUG_INFO = YES;
				ONLY_ACTIVE_ARCH = YES;
				SDKROOT = iphoneos;
			};
			name = Debug;
		};
		D17D08F11A81558E00A886D9 /* Release */ = {
			isa = XCBuildConfiguration;
			buildSettings = {
				ALWAYS_SEARCH_USER_PATHS = NO;
				CLANG_CXX_LANGUAGE_STANDARD = "gnu++0x";
				CLANG_CXX_LIBRARY = "libc++";
				CLANG_ENABLE_MODULES = YES;
				CLANG_ENABLE_OBJC_ARC = YES;
				CLANG_WARN_BOOL_CONVERSION = YES;
				CLANG_WARN_CONSTANT_CONVERSION = YES;
				CLANG_WARN_DIRECT_OBJC_ISA_USAGE = YES_ERROR;
				CLANG_WARN_EMPTY_BODY = YES;
				CLANG_WARN_ENUM_CONVERSION = YES;
				CLANG_WARN_INT_CONVERSION = YES;
				CLANG_WARN_OBJC_ROOT_CLASS = YES_ERROR;
				CLANG_WARN_UNREACHABLE_CODE = YES;
				CLANG_WARN__DUPLICATE_METHOD_MATCH = YES;
				"CODE_SIGN_IDENTITY[sdk=iphoneos*]" = "iPhone Developer";
				COPY_PHASE_STRIP = YES;
				ENABLE_NS_ASSERTIONS = NO;
				ENABLE_STRICT_OBJC_MSGSEND = YES;
				GCC_C_LANGUAGE_STANDARD = gnu99;
				GCC_WARN_64_TO_32_BIT_CONVERSION = YES;
				GCC_WARN_ABOUT_RETURN_TYPE = YES_ERROR;
				GCC_WARN_UNDECLARED_SELECTOR = YES;
				GCC_WARN_UNINITIALIZED_AUTOS = YES_AGGRESSIVE;
				GCC_WARN_UNUSED_FUNCTION = YES;
				GCC_WARN_UNUSED_VARIABLE = YES;
				IPHONEOS_DEPLOYMENT_TARGET = 8.1;
				MTL_ENABLE_DEBUG_INFO = NO;
				SDKROOT = iphoneos;
				VALIDATE_PRODUCT = YES;
			};
			name = Release;
		};
		D17D08F31A81558E00A886D9 /* Debug */ = {
			isa = XCBuildConfiguration;
			baseConfigurationReference = A71CE3220B0F87E5E6023CA8 /* Pods.debug.xcconfig */;
			buildSettings = {
				ASSETCATALOG_COMPILER_APPICON_NAME = AppIcon;
				INFOPLIST_FILE = "Rotten Tomatoes/Info.plist";
				LD_RUNPATH_SEARCH_PATHS = "$(inherited) @executable_path/Frameworks";
				PRODUCT_NAME = "$(TARGET_NAME)";
			};
			name = Debug;
		};
		D17D08F41A81558E00A886D9 /* Release */ = {
			isa = XCBuildConfiguration;
			baseConfigurationReference = 9452DBAD6DD6CCA6DDEAEC4F /* Pods.release.xcconfig */;
			buildSettings = {
				ASSETCATALOG_COMPILER_APPICON_NAME = AppIcon;
				INFOPLIST_FILE = "Rotten Tomatoes/Info.plist";
				LD_RUNPATH_SEARCH_PATHS = "$(inherited) @executable_path/Frameworks";
				PRODUCT_NAME = "$(TARGET_NAME)";
			};
			name = Release;
		};
		D17D08F61A81558E00A886D9 /* Debug */ = {
			isa = XCBuildConfiguration;
			buildSettings = {
				BUNDLE_LOADER = "$(TEST_HOST)";
				FRAMEWORK_SEARCH_PATHS = (
					"$(SDKROOT)/Developer/Library/Frameworks",
					"$(inherited)",
				);
				GCC_PREPROCESSOR_DEFINITIONS = (
					"DEBUG=1",
					"$(inherited)",
				);
				INFOPLIST_FILE = "Rotten TomatoesTests/Info.plist";
				LD_RUNPATH_SEARCH_PATHS = "$(inherited) @executable_path/Frameworks @loader_path/Frameworks";
				PRODUCT_NAME = "$(TARGET_NAME)";
				TEST_HOST = "$(BUILT_PRODUCTS_DIR)/Rotten Tomatoes.app/Rotten Tomatoes";
			};
			name = Debug;
		};
		D17D08F71A81558E00A886D9 /* Release */ = {
			isa = XCBuildConfiguration;
			buildSettings = {
				BUNDLE_LOADER = "$(TEST_HOST)";
				FRAMEWORK_SEARCH_PATHS = (
					"$(SDKROOT)/Developer/Library/Frameworks",
					"$(inherited)",
				);
				INFOPLIST_FILE = "Rotten TomatoesTests/Info.plist";
				LD_RUNPATH_SEARCH_PATHS = "$(inherited) @executable_path/Frameworks @loader_path/Frameworks";
				PRODUCT_NAME = "$(TARGET_NAME)";
				TEST_HOST = "$(BUILT_PRODUCTS_DIR)/Rotten Tomatoes.app/Rotten Tomatoes";
			};
			name = Release;
		};
/* End XCBuildConfiguration section */

/* Begin XCConfigurationList section */
		D17D08CA1A81558E00A886D9 /* Build configuration list for PBXProject "Rotten Tomatoes" */ = {
			isa = XCConfigurationList;
			buildConfigurations = (
				D17D08F01A81558E00A886D9 /* Debug */,
				D17D08F11A81558E00A886D9 /* Release */,
			);
			defaultConfigurationIsVisible = 0;
			defaultConfigurationName = Release;
		};
		D17D08F21A81558E00A886D9 /* Build configuration list for PBXNativeTarget "Rotten Tomatoes" */ = {
			isa = XCConfigurationList;
			buildConfigurations = (
				D17D08F31A81558E00A886D9 /* Debug */,
				D17D08F41A81558E00A886D9 /* Release */,
			);
			defaultConfigurationIsVisible = 0;
			defaultConfigurationName = Release;
		};
		D17D08F51A81558E00A886D9 /* Build configuration list for PBXNativeTarget "Rotten TomatoesTests" */ = {
			isa = XCConfigurationList;
			buildConfigurations = (
				D17D08F61A81558E00A886D9 /* Debug */,
				D17D08F71A81558E00A886D9 /* Release */,
			);
			defaultConfigurationIsVisible = 0;
			defaultConfigurationName = Release;
		};
/* End XCConfigurationList section */
	};
	rootObject = D17D08C71A81558E00A886D9 /* Project object */;
}
